Microsoft Visual Studio Solution File, Format Version 11.00
# Visual Studio 2008

Project("{29C52A90-7B7E-933B-A673-29701B82CBFC}") = "Railcart", "Assembly-CSharp-firstpass.csproj", "{A110D046-2015-2240-A430-101D3EC34D99}"
EndProject
Project("{29C52A90-7B7E-933B-A673-29701B82CBFC}") = "Railcart", "Assembly-CSharp.csproj", "{36006E0A-7072-F074-D259-3DB25FF15B3C}"
EndProject
Project("{29C52A90-7B7E-933B-A673-29701B82CBFC}") = "Railcart", "Assembly-CSharp-Editor.csproj", "{FFE278E3-FD4C-4C22-495B-43F88553CA9E}"
EndProject
Global
	GlobalSection(SolutionConfigurationPlatforms) = preSolution
		Debug|Any CPU = Debug|Any CPU
		Release|Any CPU = Release|Any CPU
	EndGlobalSection
	GlobalSection(ProjectConfigurationPlatforms) = postSolution
		{A110D046-2015-2240-A430-101D3EC34D99}.Debug|Any CPU.ActiveCfg = Debug|Any CPU
		{A110D046-2015-2240-A430-101D3EC34D99}.Debug|Any CPU.Build.0 = Debug|Any CPU
		{A110D046-2015-2240-A430-101D3EC34D99}.Release|Any CPU.ActiveCfg = Release|Any CPU
		{A110D046-2015-2240-A430-101D3EC34D99}.Release|Any CPU.Build.0 = Release|Any CPU
		{36006E0A-7072-F074-D259-3DB25FF15B3C}.Debug|Any CPU.ActiveCfg = Debug|Any CPU
		{36006E0A-7072-F074-D259-3DB25FF15B3C}.Debug|Any CPU.Build.0 = Debug|Any CPU
		{36006E0A-7072-F074-D259-3DB25FF15B3C}.Release|Any CPU.ActiveCfg = Release|Any CPU
		{36006E0A-7072-F074-D259-3DB25FF15B3C}.Release|Any CPU.Build.0 = Release|Any CPU
		{FFE278E3-FD4C-4C22-495B-43F88553CA9E}.Debug|Any CPU.ActiveCfg = Debug|Any CPU
		{FFE278E3-FD4C-4C22-495B-43F88553CA9E}.Debug|Any CPU.Build.0 = Debug|Any CPU
		{FFE278E3-FD4C-4C22-495B-43F88553CA9E}.Release|Any CPU.ActiveCfg = Release|Any CPU
		{FFE278E3-FD4C-4C22-495B-43F88553CA9E}.Release|Any CPU.Build.0 = Release|Any CPU
	EndGlobalSection
	GlobalSection(SolutionProperties) = preSolution
		HideSolutionNode = FALSE
	EndGlobalSection
	GlobalSection(MonoDevelopProperties) = preSolution
		StartupItem = Assembly-CSharp.csproj
	EndGlobalSection
EndGlobal
